
Microsoft Visual Studio Solution File, Format Version 12.00
# Visual Studio Version 17
VisualStudioVersion = 17.13.35931.197
MinimumVisualStudioVersion = 10.0.40219.1
Project("{FAE04EC0-301F-11D3-BF4B-00C04F79EFBC}") = "Flag_Explorer.API", "..\Flag_Explorer.API\Flag_Explorer.API.csproj", "{CB8AFD4E-5F1C-4B75-9DAB-BA3AE2D0A98A}"
EndProject
Project("{FAE04EC0-301F-11D3-BF4B-00C04F79EFBC}") = "Flag_Explorer.Domain", "Flag_Explorer.Domain\Flag_Explorer.Domain.csproj", "{739B5EFC-A321-4297-8F31-2BB872227DB3}"
EndProject
Project("{FAE04EC0-301F-11D3-BF4B-00C04F79EFBC}") = "Flag_Explorer.Repository", "Flag_Explorer.Repository\Flag_Explorer.Repository.csproj", "{AAF36015-CA39-484E-B176-07DEC96FC2EA}"
EndProject
Project("{FAE04EC0-301F-11D3-BF4B-00C04F79EFBC}") = "Flag_Explorer.UseCase", "Flag_Explorer.UseCase\Flag_Explorer.UseCase.csproj", "{C5D806A5-F0BF-4E66-AF7C-FA2F3393B0BB}"
EndProject
Global
	GlobalSection(SolutionConfigurationPlatforms) = preSolution
		Debug|Any CPU = Debug|Any CPU
		Release|Any CPU = Release|Any CPU
	EndGlobalSection
	GlobalSection(ProjectConfigurationPlatforms) = postSolution
		{CB8AFD4E-5F1C-4B75-9DAB-BA3AE2D0A98A}.Debug|Any CPU.ActiveCfg = Debug|Any CPU
		{CB8AFD4E-5F1C-4B75-9DAB-BA3AE2D0A98A}.Debug|Any CPU.Build.0 = Debug|Any CPU
		{CB8AFD4E-5F1C-4B75-9DAB-BA3AE2D0A98A}.Release|Any CPU.ActiveCfg = Release|Any CPU
		{CB8AFD4E-5F1C-4B75-9DAB-BA3AE2D0A98A}.Release|Any CPU.Build.0 = Release|Any CPU
		{739B5EFC-A321-4297-8F31-2BB872227DB3}.Debug|Any CPU.ActiveCfg = Debug|Any CPU
		{739B5EFC-A321-4297-8F31-2BB872227DB3}.Debug|Any CPU.Build.0 = Debug|Any CPU
		{739B5EFC-A321-4297-8F31-2BB872227DB3}.Release|Any CPU.ActiveCfg = Release|Any CPU
		{739B5EFC-A321-4297-8F31-2BB872227DB3}.Release|Any CPU.Build.0 = Release|Any CPU
		{AAF36015-CA39-484E-B176-07DEC96FC2EA}.Debug|Any CPU.ActiveCfg = Debug|Any CPU
		{AAF36015-CA39-484E-B176-07DEC96FC2EA}.Debug|Any CPU.Build.0 = Debug|Any CPU
		{AAF36015-CA39-484E-B176-07DEC96FC2EA}.Release|Any CPU.ActiveCfg = Release|Any CPU
		{AAF36015-CA39-484E-B176-07DEC96FC2EA}.Release|Any CPU.Build.0 = Release|Any CPU
		{C5D806A5-F0BF-4E66-AF7C-FA2F3393B0BB}.Debug|Any CPU.ActiveCfg = Debug|Any CPU
		{C5D806A5-F0BF-4E66-AF7C-FA2F3393B0BB}.Debug|Any CPU.Build.0 = Debug|Any CPU
		{C5D806A5-F0BF-4E66-AF7C-FA2F3393B0BB}.Release|Any CPU.ActiveCfg = Release|Any CPU
		{C5D806A5-F0BF-4E66-AF7C-FA2F3393B0BB}.Release|Any CPU.Build.0 = Release|Any CPU
	EndGlobalSection
	GlobalSection(SolutionProperties) = preSolution
		HideSolutionNode = FALSE
	EndGlobalSection
	GlobalSection(ExtensibilityGlobals) = postSolution
		SolutionGuid = {B6E51CF8-CE71-461D-989D-40A87365573A}
	EndGlobalSection
EndGlobal
